{
  "name": "scrcpy-jev",
  "version": "0.1.0",
  "lockfileVersion": 3,
  "requires": true,
  "packages": {
    "": {
      "name": "scrcpy-jev",
      "version": "0.1.0",
      "license": "MIT",
      "dependencies": {
        "@yume-chan/adb": "^2.6.4",
        "@yume-chan/adb-scrcpy": "^2.3.2",
        "@yume-chan/adb-server-node-tcp": "^2.5.2",
        "@yume-chan/scrcpy": "^2.3.0",
        "@yume-chan/stream-extra": "^2.1.0",
        "ws": "^8.18.0"
      },
      "devDependencies": {
        "linkedom": "^0.18.9",
        "prettier": "3.8.1"
      },
      "engines": {
        "node": ">=22.16.0"
      }
    },
    "node_modules/@yume-chan/adb": {
      "version": "2.6.4",
      "resolved": "https://registry.npmjs.org/@yume-chan/adb/-/adb-2.6.4.tgz",
      "integrity": "sha512-aaN21ZOLjWW1nC09C21f0yQkCqxkuMWMqheryGEbmGLPhuzIyOhTurJK8cXh5ZnQ+ptdKBexqvoG6zYoul9XPA==",
      "license": "MIT",
      "dependencies": {
        "@yume-chan/async": "^4.1.3",
        "@yume-chan/event": "^2.0.0",
        "@yume-chan/no-data-view": "^2.0.0",
        "@yume-chan/stream-extra": "^2.6.1",
        "@yume-chan/struct": "^2.3.2"
      }
    },
    "node_modules/@yume-chan/adb-scrcpy": {
      "version": "2.3.2",
      "resolved": "https://registry.npmjs.org/@yume-chan/adb-scrcpy/-/adb-scrcpy-2.3.2.tgz",
      "integrity": "sha512-wg45dep+dYy4MAVMtsooPAo/aXKiGbpGHzcQWoHnl4uE4YJKrZK0sK5L++rPNM0WbwlPdSpZ32jMJT+i0u1Mdw==",
      "license": "MIT",
      "dependencies": {
        "@yume-chan/adb": "^2.3.1",
        "@yume-chan/async": "^4.1.3",
        "@yume-chan/event": "^2.0.0",
        "@yume-chan/scrcpy": "^2.3.0",
        "@yume-chan/stream-extra": "^2.1.0",
        "@yume-chan/struct": "^2.3.2"
      }
    },
    "node_modules/@yume-chan/adb-server-node-tcp": {
      "version": "2.5.2",
      "resolved": "https://registry.npmjs.org/@yume-chan/adb-server-node-tcp/-/adb-server-node-tcp-2.5.2.tgz",
      "integrity": "sha512-ga9icFBRUk1n6lO+ymlj83qE+90kMLV8sQA3w9mZAisfdxxEEIq1cvXitFQJvDgL0NuFQruVI4JoZA/wrgpKOw==",
      "license": "MIT",
      "dependencies": {
        "@yume-chan/adb": "^2.5.1",
        "@yume-chan/async": "^4.1.3",
        "@yume-chan/stream-extra": "^2.1.0",
        "@yume-chan/struct": "^2.3.2"
      }
    },
    "node_modules/@yume-chan/async": {
      "version": "4.1.3",
      "resolved": "https://registry.npmjs.org/@yume-chan/async/-/async-4.1.3.tgz",
      "integrity": "sha512-0vzhNJMkWUPyjKzUK4rqHEeCU6YQtF78RsB1kFRB6Y2BLupmEQNxcSb0mjKabPL9jZpCCiLa5KL8oTOJClUVaw==",
      "license": "MIT"
    },
    "node_modules/@yume-chan/event": {
      "version": "2.0.0",
      "resolved": "https://registry.npmjs.org/@yume-chan/event/-/event-2.0.0.tgz",
      "integrity": "sha512-z56MDOcX1QlgLUCuA6th3r10negVb7A3gzY//TwSC9ZOvzuRlrAqXcxZf1T3hHfNMk/NFO9RIgQgegXYSfaqLw==",
      "license": "MIT",
      "dependencies": {
        "@yume-chan/async": "^4.0.2"
      }
    },
    "node_modules/@yume-chan/no-data-view": {
      "version": "2.0.0",
      "resolved": "https://registry.npmjs.org/@yume-chan/no-data-view/-/no-data-view-2.0.0.tgz",
      "integrity": "sha512-0GRJrrt6wtZlbiE92jocHOnaAvjQ+Y7xwwhwOPqLkwf90Kj1JIHJ5Zh4wJVQSQIkzfRSOpM+jeEQdC2K15snlA==",
      "license": "MIT"
    },
    "node_modules/@yume-chan/scrcpy": {
      "version": "2.3.0",
      "resolved": "https://registry.npmjs.org/@yume-chan/scrcpy/-/scrcpy-2.3.0.tgz",
      "integrity": "sha512-rpsNvy7H8mf6gVsWYRSkIXmk0wVsP3XOdw3kASokwZkSWtygB2Z1wjoPaEAvaayVCjsz+y/YfG35TOcykEihGw==",
      "license": "MIT",
      "dependencies": {
        "@yume-chan/async": "^4.1.3",
        "@yume-chan/no-data-view": "^2.0.0",
        "@yume-chan/stream-extra": "^2.1.0",
        "@yume-chan/struct": "^2.0.1"
      }
    },
    "node_modules/@yume-chan/stream-extra": {
      "version": "2.6.1",
      "resolved": "https://registry.npmjs.org/@yume-chan/stream-extra/-/stream-extra-2.6.1.tgz",
      "integrity": "sha512-GQ+Q0SQf9p6Fl7ZK0UO5vHVGBJgkTJm/WXKurUMpjHQV4VUpjZ2hrQ744aCfT7WwSol7Bz/uEiXWmk240Hr/hg==",
      "license": "MIT",
      "dependencies": {
        "@yume-chan/async": "^4.1.3",
        "@yume-chan/struct": "^2.3.2"
      }
    },
    "node_modules/@yume-chan/struct": {
      "version": "2.3.2",
      "resolved": "https://registry.npmjs.org/@yume-chan/struct/-/struct-2.3.2.tgz",
      "integrity": "sha512-afoCnSKV+5HRK7e4innVd9YTYDyNWdjA1CVQa1j8rWYnmr7HGZfdkHMQr+AESLk6GxWFMzOIPQIG6nYOTGMFIw==",
      "license": "MIT",
      "dependencies": {
        "@yume-chan/async": "^4.1.3",
        "@yume-chan/no-data-view": "^2.0.0"
      }
    },
    "node_modules/boolbase": {
      "version": "2.0.0",
      "resolved": "https://registry.npmjs.org/boolbase/-/boolbase-2.0.0.tgz",
      "integrity": "sha512-DkVaaQHymRhpYEYo9x1oo7Q7B0Y6KJUsjm3c9eTyFDby4MHLBTwZ6ZDWBel5zrYxj1WsZgC5oLpiz+93MluXeA==",
      "dev": true,
      "license": "ISC",
      "engines": {
        "node": ">=20.19.0"
      },
      "funding": {
        "type": "github",
        "url": "https://github.com/sponsors/fb55"
      }
    },
    "node_modules/css-select": {
      "version": "7.0.0",
      "resolved": "https://registry.npmjs.org/css-select/-/css-select-7.0.0.tgz",
      "integrity": "sha512-snmjEVXy+1LnwXdxhYvTMj1d9tOh4HxkA1YmoayVBeeyR2C14Pum7fcxJIm4SswYspVy866eYNwlH6xC3/VH5g==",
      "dev": true,
      "license": "BSD-2-Clause",
      "dependencies": {
        "boolbase": "^2.0.0",
        "css-what": "^8.0.0",
        "domhandler": "^6.0.1",
        "domutils": "^4.0.2",
        "nth-check": "^3.0.1"
      },
      "engines": {
        "node": ">=20.19.0"
      },
      "funding": {
        "type": "github",
        "url": "https://github.com/sponsors/fb55"
      }
    },
    "node_modules/css-what": {
      "version": "8.0.0",
      "resolved": "https://registry.npmjs.org/css-what/-/css-what-8.0.0.tgz",
      "integrity": "sha512-DH0Bqq3DNp5tdOReuNyAA+Ev4Y2GS5FMbZpeTLP6C4CDi0h5nL0BmUPChXw3o/qbHLDWHl49sbNqQVY7bMSDdw==",
      "dev": true,
      "license": "BSD-2-Clause",
      "engines": {
        "node": ">=20.19.0"
      },
      "funding": {
        "type": "github",
        "url": "https://github.com/sponsors/fb55"
      }
    },
    "node_modules/cssom": {
      "version": "0.5.0",
      "resolved": "https://registry.npmjs.org/cssom/-/cssom-0.5.0.tgz",
      "integrity": "sha512-iKuQcq+NdHqlAcwUY0o/HL69XQrUaQdMjmStJ8JFmUaiiQErlhrmuigkg/CU4E2J0IyUKUrMAgl36TvN67MqTw==",
      "dev": true,
      "license": "MIT"
    },
    "node_modules/dom-serializer": {
      "version": "3.1.1",
      "resolved": "https://registry.npmjs.org/dom-serializer/-/dom-serializer-3.1.1.tgz",
      "integrity": "sha512-4MEa38/QexBob6gFNwu+EGdWvhJ1OKuNwdYY3Y3NyeWDQfnGeDYQUDfIRzWu5B5gsv03so2Uxd28YC6zrsx3Lw==",
      "dev": true,
      "license": "MIT",
      "dependencies": {
        "domelementtype": "^3.0.0",
        "domhandler": "^6.0.0",
        "entities": "^8.0.0"
      },
      "engines": {
        "node": ">=20.19.0"
      },
      "funding": {
        "type": "github",
        "url": "https://github.com/cheeriojs/dom-serializer?sponsor=1"
      }
    },
    "node_modules/domelementtype": {
      "version": "3.0.0",
      "resolved": "https://registry.npmjs.org/domelementtype/-/domelementtype-3.0.0.tgz",
      "integrity": "sha512-umCQid3jKbDmVjx8jGaW7uUykm4DEUeyV21hPxNMo2nV955DhUThwqyOIDtreepP31hl84X7G5U9ZfsWvIB3Pg==",
      "dev": true,
      "funding": [
        {
          "type": "github",
          "url": "https://github.com/sponsors/fb55"
        }
      ],
      "license": "BSD-2-Clause",
      "engines": {
        "node": ">=20.19.0"
      }
    },
    "node_modules/domhandler": {
      "version": "6.0.1",
      "resolved": "https://registry.npmjs.org/domhandler/-/domhandler-6.0.1.tgz",
      "integrity": "sha512-gYzvtM72ZtxQO0T048kd6HWSbbGCNOUwcnfQ01cqIJ4X2IYKFFHZ5mKvrQETcFXxsRObZulDaKmy//R7TPtsBg==",
      "dev": true,
      "license": "BSD-2-Clause",
      "dependencies": {
        "domelementtype": "^3.0.0"
      },
      "engines": {
        "node": ">=20.19.0"
      },
      "funding": {
        "type": "github",
        "url": "https://github.com/fb55/domhandler?sponsor=1"
      }
    },
    "node_modules/domutils": {
      "version": "4.0.2",
      "resolved": "https://registry.npmjs.org/domutils/-/domutils-4.0.2.tgz",
      "integrity": "sha512-qI4JLRKnSzqFqr7hAlS5xQDusBCjKSEG4t4+7aNrIQMHBcsC2TGEhuyABJdYkgSewL57PNLYEiibY2iPKhKpaA==",
      "dev": true,
      "license": "BSD-2-Clause",
      "dependencies": {
        "dom-serializer": "^3.0.0",
        "domelementtype": "^3.0.0",
        "domhandler": "^6.0.0"
      },
      "engines": {
        "node": ">=20.19.0"
      },
      "funding": {
        "type": "github",
        "url": "https://github.com/fb55/domutils?sponsor=1"
      }
    },
    "node_modules/entities": {
      "version": "8.1.0",
      "resolved": "https://registry.npmjs.org/entities/-/entities-8.1.0.tgz",
      "integrity": "sha512-kxL7msIffSuh9aaFAMD7rxAIuTRMAHMeBtgHW2yUdWw732ZNh4MehkF2gdjvtdmikkaIP9bFDDJOPlsvm7avrA==",
      "dev": true,
      "license": "BSD-2-Clause",
      "engines": {
        "node": ">=20.19.0"
      },
      "funding": {
        "url": "https://github.com/fb55/entities?sponsor=1"
      }
    },
    "node_modules/html-escaper": {
      "version": "3.0.3",
      "resolved": "https://registry.npmjs.org/html-escaper/-/html-escaper-3.0.3.tgz",
      "integrity": "sha512-RuMffC89BOWQoY0WKGpIhn5gX3iI54O6nRA0yC124NYVtzjmFWBIiFd8M0x+ZdX0P9R4lADg1mgP8C7PxGOWuQ==",
      "dev": true,
      "license": "MIT"
    },
    "node_modules/htmlparser2": {
      "version": "10.1.0",
      "resolved": "https://registry.npmjs.org/htmlparser2/-/htmlparser2-10.1.0.tgz",
      "integrity": "sha512-VTZkM9GWRAtEpveh7MSF6SjjrpNVNNVJfFup7xTY3UpFtm67foy9HDVXneLtFVt4pMz5kZtgNcvCniNFb1hlEQ==",
      "dev": true,
      "funding": [
        "https://github.com/fb55/htmlparser2?sponsor=1",
        {
          "type": "github",
          "url": "https://github.com/sponsors/fb55"
        }
      ],
      "license": "MIT",
      "dependencies": {
        "domelementtype": "^2.3.0",
        "domhandler": "^5.0.3",
        "domutils": "^3.2.2",
        "entities": "^7.0.1"
      }
    },
    "node_modules/htmlparser2/node_modules/dom-serializer": {
      "version": "2.0.0",
      "resolved": "https://registry.npmjs.org/dom-serializer/-/dom-serializer-2.0.0.tgz",
      "integrity": "sha512-wIkAryiqt/nV5EQKqQpo3SToSOV9J0DnbJqwK7Wv/Trc92zIAYZ4FlMu+JPFW1DfGFt81ZTCGgDEabffXeLyJg==",
      "dev": true,
      "license": "MIT",
      "dependencies": {
        "domelementtype": "^2.3.0",
        "domhandler": "^5.0.2",
        "entities": "^4.2.0"
      },
      "funding": {
        "url": "https://github.com/cheeriojs/dom-serializer?sponsor=1"
      }
    },
    "node_modules/htmlparser2/node_modules/dom-serializer/node_modules/entities": {
      "version": "4.5.0",
      "resolved": "https://registry.npmjs.org/entities/-/entities-4.5.0.tgz",
      "integrity": "sha512-V0hjH4dGPh9Ao5p0MoRY6BVqtwCjhz6vI5LT8AJ55H+4g9/4vbHx1I54fS0XuclLhDHArPQCiMjDxjaL8fPxhw==",
      "dev": true,
      "license": "BSD-2-Clause",
      "engines": {
        "node": ">=0.12"
      },
      "funding": {
        "url": "https://github.com/fb55/entities?sponsor=1"
      }
    },
    "node_modules/htmlparser2/node_modules/domelementtype": {
      "version": "2.3.0",
      "resolved": "https://registry.npmjs.org/domelementtype/-/domelementtype-2.3.0.tgz",
      "integrity": "sha512-OLETBj6w0OsagBwdXnPdN0cnMfF9opN69co+7ZrbfPGrdpPVNBUj02spi6B1N7wChLQiPn4CSH/zJvXw56gmHw==",
      "dev": true,
      "funding": [
        {
          "type": "github",
          "url": "https://github.com/sponsors/fb55"
        }
      ],
      "license": "BSD-2-Clause"
    },
    "node_modules/htmlparser2/node_modules/domhandler": {
      "version": "5.0.3",
      "resolved": "https://registry.npmjs.org/domhandler/-/domhandler-5.0.3.tgz",
      "integrity": "sha512-cgwlv/1iFQiFnU96XXgROh8xTeetsnJiDsTc7TYCLFd9+/WNkIqPTxiM/8pSd8VIrhXGTf1Ny1q1hquVqDJB5w==",
      "dev": true,
      "license": "BSD-2-Clause",
      "dependencies": {
        "domelementtype": "^2.3.0"
      },
      "engines": {
        "node": ">= 4"
      },
      "funding": {
        "url": "https://github.com/fb55/domhandler?sponsor=1"
      }
    },
    "node_modules/htmlparser2/node_modules/domutils": {
      "version": "3.2.2",
      "resolved": "https://registry.npmjs.org/domutils/-/domutils-3.2.2.tgz",
      "integrity": "sha512-6kZKyUajlDuqlHKVX1w7gyslj9MPIXzIFiz/rGu35uC1wMi+kMhQwGhl4lt9unC9Vb9INnY9Z3/ZA3+FhASLaw==",
      "dev": true,
      "license": "BSD-2-Clause",
      "dependencies": {
        "dom-serializer": "^2.0.0",
        "domelementtype": "^2.3.0",
        "domhandler": "^5.0.3"
      },
      "funding": {
        "url": "https://github.com/fb55/domutils?sponsor=1"
      }
    },
    "node_modules/htmlparser2/node_modules/entities": {
      "version": "7.0.1",
      "resolved": "https://registry.npmjs.org/entities/-/entities-7.0.1.tgz",
      "integrity": "sha512-TWrgLOFUQTH994YUyl1yT4uyavY5nNB5muff+RtWaqNVCAK408b5ZnnbNAUEWLTCpum9w6arT70i1XdQ4UeOPA==",
      "dev": true,
      "license": "BSD-2-Clause",
      "engines": {
        "node": ">=0.12"
      },
      "funding": {
        "url": "https://github.com/fb55/entities?sponsor=1"
      }
    },
    "node_modules/linkedom": {
      "version": "0.18.13",
      "resolved": "https://registry.npmjs.org/linkedom/-/linkedom-0.18.13.tgz",
      "integrity": "sha512-ES/o9qotMpzpN2MHs+Iq/JcVoOj8Fa5wiQYrTdFpvAnwXL0g66XHHUc9WUMk6nAlBtGsFQ24ne+SYnvnaQ2FSw==",
      "dev": true,
      "license": "ISC",
      "dependencies": {
        "css-select": "^7.0.0",
        "cssom": "^0.5.0",
        "html-escaper": "^3.0.3",
        "htmlparser2": "^10.1.0",
        "uhyphen": "^0.2.0"
      },
      "engines": {
        "node": ">=16"
      },
      "peerDependencies": {
        "canvas": ">= 2"
      },
      "peerDependenciesMeta": {
        "canvas": {
          "optional": true
        }
      }
    },
    "node_modules/nth-check": {
      "version": "3.0.1",
      "resolved": "https://registry.npmjs.org/nth-check/-/nth-check-3.0.1.tgz",
      "integrity": "sha512-GX0gsdbGVCgnRgbeGaubfjpBXyYRWOOCVeYh08bSQvDZqxz5ndXs1OTfAt/h36G1xvI94YIspsI0sVFqAV9+RQ==",
      "dev": true,
      "license": "BSD-2-Clause",
      "dependencies": {
        "boolbase": "^2.0.0"
      },
      "engines": {
        "node": ">=20.19.0"
      },
      "funding": {
        "type": "github",
        "url": "https://github.com/fb55/nth-check?sponsor=1"
      }
    },
    "node_modules/prettier": {
      "version": "3.8.1",
      "resolved": "https://registry.npmjs.org/prettier/-/prettier-3.8.1.tgz",
      "integrity": "sha512-UOnG6LftzbdaHZcKoPFtOcCKztrQ57WkHDeRD9t/PTQtmT0NHSeWWepj6pS0z/N7+08BHFDQVUrfmfMRcZwbMg==",
      "dev": true,
      "license": "MIT",
      "bin": {
        "prettier": "bin/prettier.cjs"
      },
      "engines": {
        "node": ">=14"
      },
      "funding": {
        "url": "https://github.com/prettier/prettier?sponsor=1"
      }
    },
    "node_modules/uhyphen": {
      "version": "0.2.0",
      "resolved": "https://registry.npmjs.org/uhyphen/-/uhyphen-0.2.0.tgz",
      "integrity": "sha512-qz3o9CHXmJJPGBdqzab7qAYuW8kQGKNEuoHFYrBwV6hWIMcpAmxDLXojcHfFr9US1Pe6zUswEIJIbLI610fuqA==",
      "dev": true,
      "license": "ISC"
    },
    "node_modules/ws": {
      "version": "8.21.3",
      "resolved": "https://registry.npmjs.org/ws/-/ws-8.21.3.tgz",
      "integrity": "sha512-201TZ/kPWxoPr/OKWjquZR1SWKXcvxdH+e1xrx89b3YbmzLMFCLfnaG1HFIgWzJOEWZ7MvpK++odZufgYR50Rw==",
      "license": "MIT",
      "engines": {
        "node": ">=10.0.0"
      },
      "peerDependencies": {
        "bufferutil": "^4.0.1",
        "utf-8-validate": ">=5.0.2"
      },
      "peerDependenciesMeta": {
        "bufferutil": {
          "optional": true
        },
        "utf-8-validate": {
          "optional": true
        }
      }
    }
  }
}
